<?xml version="1.0" encoding="utf-8"?>
<Project ToolsVersion="4.0" xmlns="http://schemas.microsoft.com/developer/msbuild/2003">
  <ItemGroup>
    <Filter Include="Source Files">
      <UniqueIdentifier>{4FC737F1-C7A5-4376-A066-2A32D752A2FF}</UniqueIdentifier>
      <Extensions>cpp;c;cc;cxx;c++;cppm;ixx;def;odl;idl;hpj;bat;asm;asmx</Extensions>
    </Filter>
    <Filter Include="Header Files">
      <UniqueIdentifier>{93995380-89BD-4b04-88EB-625FBE52EBFB}</UniqueIdentifier>
      <Extensions>h;hh;hpp;hxx;h++;hm;inl;inc;ipp;xsd</Extensions>
    </Filter>
    <Filter Include="Resource Files">
      <UniqueIdentifier>{67DA6AB6-F800-4c08-8B7A-83BB121AAD01}</UniqueIdentifier>
      <Extensions>rc;ico;cur;bmp;dlg;rc2;rct;bin;rgs;gif;jpg;jpeg;jpe;resx;tiff;tif;png;wav;mfcribbon-ms</Extensions>
    </Filter>
  </ItemGroup>
  <ItemGroup>
    <ClInclude Include="src\util\math.h">
      <Filter>Header Files</Filter>
    </ClInclude>
    <ClInclude Include="src\util\matrix.h">
      <Filter>Header Files</Filter>
    </ClInclude>
    <ClInclude Include="src\util\memory.h">
      <Filter>Header Files</Filter>
    </ClInclude>
    <ClInclude Include="src\util\meta.h">
      <Filter>Header Files</Filter>
    </ClInclude>
    <ClInclude Include="src\util\operators.h">
      <Filter>Header Files</Filter>
    </ClInclude>
    <ClInclude Include="src\util\vector.h">
      <Filter>Header Files</Filter>
    </ClInclude>
    <ClInclude Include="src\nofix\x86.h">
      <Filter>Header Files</Filter>
    </ClInclude>
    <ClInclude Include="src\nofix\x86Hook.h">
      <Filter>Header Files</Filter>
    </ClInclude>
    <ClInclude Include="src\darkstar\Sim\simConsolePlugin.h">
      <Filter>Header Files</Filter>
    </ClInclude>
    <ClInclude Include="src\darkstar\console\console.h">
      <Filter>Header Files</Filter>
    </ClInclude>
    <ClInclude Include="src\darkstar\Sim\simGame.h">
      <Filter>Header Files</Filter>
    </ClInclude>
    <ClInclude Include="src\plugins\netXT\netXT.h">
      <Filter>Header Files</Filter>
    </ClInclude>
    <ClInclude Include="src\darkstar\Ml\ml.h">
      <Filter>Header Files</Filter>
    </ClInclude>
    <ClInclude Include="src\util\hooks.h">
      <Filter>Header Files</Filter>
    </ClInclude>
    <ClInclude Include="src\util\platform.h">
      <Filter>Header Files</Filter>
    </ClInclude>
    <ClInclude Include="src\tribes\player.h">
      <Filter>Header Files</Filter>
    </ClInclude>
    <ClInclude Include="src\util\preprocessor.h">
      <Filter>Header Files</Filter>
    </ClInclude>
    <ClInclude Include="src\util\struct.h">
      <Filter>Header Files</Filter>
    </ClInclude>
    <ClInclude Include="src\tribes\shapeBase.h">
      <Filter>Header Files</Filter>
    </ClInclude>
    <ClInclude Include="src\tribes\gameBase.h">
      <Filter>Header Files</Filter>
    </ClInclude>
    <ClInclude Include="src\darkstar\Sim\simMovement.h">
      <Filter>Header Files</Filter>
    </ClInclude>
    <ClInclude Include="src\plugins\netXT\playerXT.h">
      <Filter>Header Files</Filter>
    </ClInclude>
    <ClInclude Include="src\tribes\constants.h">
      <Filter>Header Files</Filter>
    </ClInclude>
    <ClInclude Include="src\darkstar\Sim\simContainer.h">
      <Filter>Header Files</Filter>
    </ClInclude>
    <ClInclude Include="src\darkstar\Sim\simNetObject.h">
      <Filter>Header Files</Filter>
    </ClInclude>
    <ClInclude Include="src\darkstar\Sim\simObject.h">
      <Filter>Header Files</Filter>
    </ClInclude>
    <ClInclude Include="src\util\tribes\console.h">
      <Filter>Header Files</Filter>
    </ClInclude>
    <ClInclude Include="src\tribes\playerPSC.h">
      <Filter>Header Files</Filter>
    </ClInclude>
    <ClInclude Include="src\tribes\worldGlobals.h">
      <Filter>Header Files</Filter>
    </ClInclude>
    <ClInclude Include="src\darkstar\Core\tVector.h">
      <Filter>Header Files</Filter>
    </ClInclude>
    <ClInclude Include="src\darkstar\Sim\netGhostManager.h">
      <Filter>Header Files</Filter>
    </ClInclude>
    <ClInclude Include="src\darkstar\Core\bitset.h">
      <Filter>Header Files</Filter>
    </ClInclude>
    <ClInclude Include="src\darkstar\Sim\simEvDecl.h">
      <Filter>Header Files</Filter>
    </ClInclude>
    <ClInclude Include="src\darkstar\Ml\processor.h">
      <Filter>Header Files</Filter>
    </ClInclude>
    <ClInclude Include="src\plugins\netXT\playerPSCXT.h">
      <Filter>Header Files</Filter>
    </ClInclude>
    <ClInclude Include="src\darkstar\Core\bitstream.h">
      <Filter>Header Files</Filter>
    </ClInclude>
    <ClInclude Include="src\darkstar\Core\streamio.h">
      <Filter>Header Files</Filter>
    </ClInclude>
    <ClInclude Include="src\tribes\fear.strings.h">
      <Filter>Header Files</Filter>
    </ClInclude>
    <ClInclude Include="src\plugins\tracerXT\tracerXT.h">
      <Filter>Header Files</Filter>
    </ClInclude>
    <ClInclude Include="src\tribes\bullet.h">
      <Filter>Header Files</Filter>
    </ClInclude>
    <ClInclude Include="src\tribes\projectile.h">
      <Filter>Header Files</Filter>
    </ClInclude>
  </ItemGroup>
  <ItemGroup>
    <ClCompile Include="src\util\memory.cpp">
      <Filter>Source Files</Filter>
    </ClCompile>
    <ClCompile Include="src\main.cpp">
      <Filter>Source Files</Filter>
    </ClCompile>
    <ClCompile Include="src\nofix\x86.cpp">
      <Filter>Source Files</Filter>
    </ClCompile>
    <ClCompile Include="src\nofix\x86Hook.cpp">
      <Filter>Source Files</Filter>
    </ClCompile>
    <ClCompile Include="src\alloc.cpp">
      <Filter>Source Files</Filter>
    </ClCompile>
    <ClCompile Include="src\plugins\netXT\netXT.cpp">
      <Filter>Source Files</Filter>
    </ClCompile>
    <ClCompile Include="src\util\hooks.cpp">
      <Filter>Source Files</Filter>
    </ClCompile>
    <ClCompile Include="src\plugins\netXT\playerXT.cpp">
      <Filter>Source Files</Filter>
    </ClCompile>
    <ClCompile Include="src\plugins\netXT\playerPSCXT.cpp">
      <Filter>Source Files</Filter>
    </ClCompile>
    <ClCompile Include="src\plugins\tracerXT\tracerXT.cpp">
      <Filter>Source Files</Filter>
    </ClCompile>
  </ItemGroup>
</Project>